
Microsoft Visual Studio Solution File, Format Version 12.00
# Visual Studio 2013
VisualStudioVersion = 12.0.21005.1
MinimumVisualStudioVersion = 10.0.40219.1
Project("{FAE04EC0-301F-11D3-BF4B-00C04F79EFBC}") = "CloudIQ.ES.API", "CloudIQ.ES.API\CloudIQ.ES.API.csproj", "{B61ECFB5-EDD0-4CB4-B687-4900C59DDEF0}"
EndProject
Project("{FAE04EC0-301F-11D3-BF4B-00C04F79EFBC}") = "CloudIQ.ES.API.Tests", "CloudIQ.ES.API.Tests\CloudIQ.ES.API.Tests.csproj", "{5E4BA375-CD8C-40B6-8F6F-04E7256FF660}"
EndProject
Global
	GlobalSection(SolutionConfigurationPlatforms) = preSolution
		Debug|Any CPU = Debug|Any CPU
		Release|Any CPU = Release|Any CPU
	EndGlobalSection
	GlobalSection(ProjectConfigurationPlatforms) = postSolution
		{B61ECFB5-EDD0-4CB4-B687-4900C59DDEF0}.Debug|Any CPU.ActiveCfg = Debug|Any CPU
		{B61ECFB5-EDD0-4CB4-B687-4900C59DDEF0}.Debug|Any CPU.Build.0 = Debug|Any CPU
		{B61ECFB5-EDD0-4CB4-B687-4900C59DDEF0}.Release|Any CPU.ActiveCfg = Release|Any CPU
		{B61ECFB5-EDD0-4CB4-B687-4900C59DDEF0}.Release|Any CPU.Build.0 = Release|Any CPU
		{5E4BA375-CD8C-40B6-8F6F-04E7256FF660}.Debug|Any CPU.ActiveCfg = Debug|Any CPU
		{5E4BA375-CD8C-40B6-8F6F-04E7256FF660}.Debug|Any CPU.Build.0 = Debug|Any CPU
		{5E4BA375-CD8C-40B6-8F6F-04E7256FF660}.Release|Any CPU.ActiveCfg = Release|Any CPU
		{5E4BA375-CD8C-40B6-8F6F-04E7256FF660}.Release|Any CPU.Build.0 = Release|Any CPU
	EndGlobalSection
	GlobalSection(SolutionProperties) = preSolution
		HideSolutionNode = FALSE
	EndGlobalSection
EndGlobal
